
Microsoft Visual Studio Solution File, Format Version 12.00
# Visual Studio Version 17
VisualStudioVersion = 17.0.31903.59
MinimumVisualStudioVersion = 10.0.40219.1
Project("{FAE04EC0-301F-11D3-BF4B-00C04F79EFBC}") = "ReceiverApp", "ReceiverApp\ReceiverApp.csproj", "{935B9EAE-08DA-4307-A90B-87EBA650B306}"
EndProject
Project("{FAE04EC0-301F-11D3-BF4B-00C04F79EFBC}") = "SenderApp", "SenderApp\SenderApp.csproj", "{57421AAE-9799-4F46-9476-14835E4BEDFE}"
EndProject
Global
	GlobalSection(SolutionConfigurationPlatforms) = preSolution
		Debug|Any CPU = Debug|Any CPU
		Debug|x64 = Debug|x64
		Debug|x86 = Debug|x86
		Release|Any CPU = Release|Any CPU
		Release|x64 = Release|x64
		Release|x86 = Release|x86
	EndGlobalSection
	GlobalSection(ProjectConfigurationPlatforms) = postSolution
		{935B9EAE-08DA-4307-A90B-87EBA650B306}.Debug|Any CPU.ActiveCfg = Debug|Any CPU
		{935B9EAE-08DA-4307-A90B-87EBA650B306}.Debug|Any CPU.Build.0 = Debug|Any CPU
		{935B9EAE-08DA-4307-A90B-87EBA650B306}.Debug|x64.ActiveCfg = Debug|Any CPU
		{935B9EAE-08DA-4307-A90B-87EBA650B306}.Debug|x64.Build.0 = Debug|Any CPU
		{935B9EAE-08DA-4307-A90B-87EBA650B306}.Debug|x86.ActiveCfg = Debug|Any CPU
		{935B9EAE-08DA-4307-A90B-87EBA650B306}.Debug|x86.Build.0 = Debug|Any CPU
		{935B9EAE-08DA-4307-A90B-87EBA650B306}.Release|Any CPU.ActiveCfg = Release|Any CPU
		{935B9EAE-08DA-4307-A90B-87EBA650B306}.Release|Any CPU.Build.0 = Release|Any CPU
		{935B9EAE-08DA-4307-A90B-87EBA650B306}.Release|x64.ActiveCfg = Release|Any CPU
		{935B9EAE-08DA-4307-A90B-87EBA650B306}.Release|x64.Build.0 = Release|Any CPU
		{935B9EAE-08DA-4307-A90B-87EBA650B306}.Release|x86.ActiveCfg = Release|Any CPU
		{935B9EAE-08DA-4307-A90B-87EBA650B306}.Release|x86.Build.0 = Release|Any CPU
		{57421AAE-9799-4F46-9476-14835E4BEDFE}.Debug|Any CPU.ActiveCfg = Debug|Any CPU
		{57421AAE-9799-4F46-9476-14835E4BEDFE}.Debug|Any CPU.Build.0 = Debug|Any CPU
		{57421AAE-9799-4F46-9476-14835E4BEDFE}.Debug|x64.ActiveCfg = Debug|Any CPU
		{57421AAE-9799-4F46-9476-14835E4BEDFE}.Debug|x64.Build.0 = Debug|Any CPU
		{57421AAE-9799-4F46-9476-14835E4BEDFE}.Debug|x86.ActiveCfg = Debug|Any CPU
		{57421AAE-9799-4F46-9476-14835E4BEDFE}.Debug|x86.Build.0 = Debug|Any CPU
		{57421AAE-9799-4F46-9476-14835E4BEDFE}.Release|Any CPU.ActiveCfg = Release|Any CPU
		{57421AAE-9799-4F46-9476-14835E4BEDFE}.Release|Any CPU.Build.0 = Release|Any CPU
		{57421AAE-9799-4F46-9476-14835E4BEDFE}.Release|x64.ActiveCfg = Release|Any CPU
		{57421AAE-9799-4F46-9476-14835E4BEDFE}.Release|x64.Build.0 = Release|Any CPU
		{57421AAE-9799-4F46-9476-14835E4BEDFE}.Release|x86.ActiveCfg = Release|Any CPU
		{57421AAE-9799-4F46-9476-14835E4BEDFE}.Release|x86.Build.0 = Release|Any CPU
	EndGlobalSection
	GlobalSection(SolutionProperties) = preSolution
		HideSolutionNode = FALSE
	EndGlobalSection
EndGlobal
