Microsoft Visual Studio Solution File, Format Version 12.00
# Visual Studio Version 17
VisualStudioVersion = 17.5.2.0
MinimumVisualStudioVersion = 10.0.40219.1
Project("{FAE04EC0-301F-11D3-BF4B-00C04F79EFBC}") = "PolymorphismApp", "PolymorphismApp.csproj", "{A8532576-8B11-BEFB-8201-27B42975575E}"
EndProject
Global
	GlobalSection(SolutionConfigurationPlatforms) = preSolution
		Debug|Any CPU = Debug|Any CPU
		Release|Any CPU = Release|Any CPU
	EndGlobalSection
	GlobalSection(ProjectConfigurationPlatforms) = postSolution
		{A8532576-8B11-BEFB-8201-27B42975575E}.Debug|Any CPU.ActiveCfg = Debug|Any CPU
		{A8532576-8B11-BEFB-8201-27B42975575E}.Debug|Any CPU.Build.0 = Debug|Any CPU
		{A8532576-8B11-BEFB-8201-27B42975575E}.Release|Any CPU.ActiveCfg = Release|Any CPU
		{A8532576-8B11-BEFB-8201-27B42975575E}.Release|Any CPU.Build.0 = Release|Any CPU
	EndGlobalSection
	GlobalSection(SolutionProperties) = preSolution
		HideSolutionNode = FALSE
	EndGlobalSection
	GlobalSection(ExtensibilityGlobals) = postSolution
		SolutionGuid = {ABC288FD-6D8A-44A2-878F-49A51F566E10}
	EndGlobalSection
EndGlobal
